// !$*UTF8*$!
{
	archiveVersion = 1;
	classes = {
	};
	objectVersion = 77;
	objects = {

/* Begin PBXContainerItemProxy section */
		6426CB6B2CC3B22A008C1C76 /* PBXContainerItemProxy */ = {
			isa = PBXContainerItemProxy;
			containerPortal = 6426CB4C2CC3B228008C1C76 /* Project object */;
			proxyType = 1;
			remoteGlobalIDString = 6426CB532CC3B228008C1C76;
			remoteInfo = "RunLoop,Timer";
		};
		6426CB752CC3B22A008C1C76 /* PBXContainerItemProxy */ = {
			isa = PBXContainerItemProxy;
			containerPortal = 6426CB4C2CC3B228008C1C76 /* Project object */;
			proxyType = 1;
			remoteGlobalIDString = 6426CB532CC3B228008C1C76;
			remoteInfo = "RunLoop,Timer";
		};
/* End PBXContainerItemProxy section */

/* Begin PBXFileReference section */
		6426CB542CC3B228008C1C76 /* RunLoop,Timer.app */ = {isa = PBXFileReference; explicitFileType = wrapper.application; includeInIndex = 0; path = "RunLoop,Timer.app"; sourceTree = BUILT_PRODUCTS_DIR; };
		6426CB6A2CC3B22A008C1C76 /* RunLoop,TimerTests.xctest */ = {isa = PBXFileReference; explicitFileType = wrapper.cfbundle; includeInIndex = 0; path = "RunLoop,TimerTests.xctest"; sourceTree = BUILT_PRODUCTS_DIR; };
		6426CB742CC3B22A008C1C76 /* RunLoop,TimerUITests.xctest */ = {isa = PBXFileReference; explicitFileType = wrapper.cfbundle; includeInIndex = 0; path = "RunLoop,TimerUITests.xctest"; sourceTree = BUILT_PRODUCTS_DIR; };
/* End PBXFileReference section */

/* Begin PBXFileSystemSynchronizedBuildFileExceptionSet section */
		6426CB7C2CC3B22A008C1C76 /* Exceptions for "RunLoop,Timer" folder in "RunLoop,Timer" target */ = {
			isa = PBXFileSystemSynchronizedBuildFileExceptionSet;
			membershipExceptions = (
				Info.plist,
			);
			target = 6426CB532CC3B228008C1C76 /* RunLoop,Timer */;
		};
/* End PBXFileSystemSynchronizedBuildFileExceptionSet section */

/* Begin PBXFileSystemSynchronizedRootGroup section */
		6426CB562CC3B228008C1C76 /* RunLoop,Timer */ = {
			isa = PBXFileSystemSynchronizedRootGroup;
			exceptions = (
				6426CB7C2CC3B22A008C1C76 /* Exceptions for "RunLoop,Timer" folder in "RunLoop,Timer" target */,
			);
			path = "RunLoop,Timer";
			sourceTree = "<group>";
		};
		6426CB6D2CC3B22A008C1C76 /* RunLoop,TimerTests */ = {
			isa = PBXFileSystemSynchronizedRootGroup;
			path = "RunLoop,TimerTests";
			sourceTree = "<group>";
		};
		6426CB772CC3B22A008C1C76 /* RunLoop,TimerUITests */ = {
			isa = PBXFileSystemSynchronizedRootGroup;
			path = "RunLoop,TimerUITests";
			sourceTree = "<group>";
		};
/* End PBXFileSystemSynchronizedRootGroup section */

/* Begin PBXFrameworksBuildPhase section */
		6426CB512CC3B228008C1C76 /* Frameworks */ = {
			isa = PBXFrameworksBuildPhase;
			buildActionMask = 2147483647;
			files = (
			);
			runOnlyForDeploymentPostprocessing = 0;
		};
		6426CB672CC3B22A008C1C76 /* Frameworks */ = {
			isa = PBXFrameworksBuildPhase;
			buildActionMask = 2147483647;
			files = (
			);
			runOnlyForDeploymentPostprocessing = 0;
		};
		6426CB712CC3B22A008C1C76 /* Frameworks */ = {
			isa = PBXFrameworksBuildPhase;
			buildActionMask = 2147483647;
			files = (
			);
			runOnlyForDeploymentPostprocessing = 0;
		};
/* End PBXFrameworksBuildPhase section */

/* Begin PBXGroup section */
		6426CB4B2CC3B228008C1C76 = {
			isa = PBXGroup;
			children = (
				6426CB562CC3B228008C1C76 /* RunLoop,Timer */,
				6426CB6D2CC3B22A008C1C76 /* RunLoop,TimerTests */,
				6426CB772CC3B22A008C1C76 /* RunLoop,TimerUITests */,
				6426CB552CC3B228008C1C76 /* Products */,
			);
			sourceTree = "<group>";
		};
		6426CB552CC3B228008C1C76 /* Products */ = {
			isa = PBXGroup;
			children = (
				6426CB542CC3B228008C1C76 /* RunLoop,Timer.app */,
				6426CB6A2CC3B22A008C1C76 /* RunLoop,TimerTests.xctest */,
				6426CB742CC3B22A008C1C76 /* RunLoop,TimerUITests.xctest */,
			);
			name = Products;
			sourceTree = "<group>";
		};
/* End PBXGroup section */

/* Begin PBXNativeTarget section */
		6426CB532CC3B228008C1C76 /* RunLoop,Timer */ = {
			isa = PBXNativeTarget;
			buildConfigurationList = 6426CB7D2CC3B22A008C1C76 /* Build configuration list for PBXNativeTarget "RunLoop,Timer" */;
			buildPhases = (
				6426CB502CC3B228008C1C76 /* Sources */,
				6426CB512CC3B228008C1C76 /* Frameworks */,
				6426CB522CC3B228008C1C76 /* Resources */,
			);
			buildRules = (
			);
			dependencies = (
			);
			fileSystemSynchronizedGroups = (
				6426CB562CC3B228008C1C76 /* RunLoop,Timer */,
			);
			name = "RunLoop,Timer";
			packageProductDependencies = (
			);
			productName = "RunLoop,Timer";
			productReference = 6426CB542CC3B228008C1C76 /* RunLoop,Timer.app */;
			productType = "com.apple.product-type.application";
		};
		6426CB692CC3B22A008C1C76 /* RunLoop,TimerTests */ = {
			isa = PBXNativeTarget;
			buildConfigurationList = 6426CB822CC3B22A008C1C76 /* Build configuration list for PBXNativeTarget "RunLoop,TimerTests" */;
			buildPhases = (
				6426CB662CC3B22A008C1C76 /* Sources */,
				6426CB672CC3B22A008C1C76 /* Frameworks */,
				6426CB682CC3B22A008C1C76 /* Resources */,
			);
			buildRules = (
			);
			dependencies = (
				6426CB6C2CC3B22A008C1C76 /* PBXTargetDependency */,
			);
			fileSystemSynchronizedGroups = (
				6426CB6D2CC3B22A008C1C76 /* RunLoop,TimerTests */,
			);
			name = "RunLoop,TimerTests";
			packageProductDependencies = (
			);
			productName = "RunLoop,TimerTests";
			productReference = 6426CB6A2CC3B22A008C1C76 /* RunLoop,TimerTests.xctest */;
			productType = "com.apple.product-type.bundle.unit-test";
		};
		6426CB732CC3B22A008C1C76 /* RunLoop,TimerUITests */ = {
			isa = PBXNativeTarget;
			buildConfigurationList = 6426CB852CC3B22A008C1C76 /* Build configuration list for PBXNativeTarget "RunLoop,TimerUITests" */;
			buildPhases = (
				6426CB702CC3B22A008C1C76 /* Sources */,
				6426CB712CC3B22A008C1C76 /* Frameworks */,
				6426CB722CC3B22A008C1C76 /* Resources */,
			);
			buildRules = (
			);
			dependencies = (
				6426CB762CC3B22A008C1C76 /* PBXTargetDependency */,
			);
			fileSystemSynchronizedGroups = (
				6426CB772CC3B22A008C1C76 /* RunLoop,TimerUITests */,
			);
			name = "RunLoop,TimerUITests";
			packageProductDependencies = (
			);
			productName = "RunLoop,TimerUITests";
			productReference = 6426CB742CC3B22A008C1C76 /* RunLoop,TimerUITests.xctest */;
			productType = "com.apple.product-type.bundle.ui-testing";
		};
/* End PBXNativeTarget section */

/* Begin PBXProject section */
		6426CB4C2CC3B228008C1C76 /* Project object */ = {
			isa = PBXProject;
			attributes = {
				BuildIndependentTargetsInParallel = 1;
				LastSwiftUpdateCheck = 1600;
				LastUpgradeCheck = 1600;
				TargetAttributes = {
					6426CB532CC3B228008C1C76 = {
						CreatedOnToolsVersion = 16.0;
					};
					6426CB692CC3B22A008C1C76 = {
						CreatedOnToolsVersion = 16.0;
						TestTargetID = 6426CB532CC3B228008C1C76;
					};
					6426CB732CC3B22A008C1C76 = {
						CreatedOnToolsVersion = 16.0;
						TestTargetID = 6426CB532CC3B228008C1C76;
					};
				};
			};
			buildConfigurationList = 6426CB4F2CC3B228008C1C76 /* Build configuration list for PBXProject "RunLoop,Timer" */;
			developmentRegion = en;
			hasScannedForEncodings = 0;
			knownRegions = (
				en,
				Base,
			);
			mainGroup = 6426CB4B2CC3B228008C1C76;
			minimizedProjectReferenceProxies = 1;
			preferredProjectObjectVersion = 77;
			productRefGroup = 6426CB552CC3B228008C1C76 /* Products */;
			projectDirPath = "";
			projectRoot = "";
			targets = (
				6426CB532CC3B228008C1C76 /* RunLoop,Timer */,
				6426CB692CC3B22A008C1C76 /* RunLoop,TimerTests */,
				6426CB732CC3B22A008C1C76 /* RunLoop,TimerUITests */,
			);
		};
/* End PBXProject section */

/* Begin PBXResourcesBuildPhase section */
		6426CB522CC3B228008C1C76 /* Resources */ = {
			isa = PBXResourcesBuildPhase;
			buildActionMask = 2147483647;
			files = (
			);
			runOnlyForDeploymentPostprocessing = 0;
		};
		6426CB682CC3B22A008C1C76 /* Resources */ = {
			isa = PBXResourcesBuildPhase;
			buildActionMask = 2147483647;
			files = (
			);
			runOnlyForDeploymentPostprocessing = 0;
		};
		6426CB722CC3B22A008C1C76 /* Resources */ = {
			isa = PBXResourcesBuildPhase;
			buildActionMask = 2147483647;
			files = (
			);
			runOnlyForDeploymentPostprocessing = 0;
		};
/* End PBXResourcesBuildPhase section */

/* Begin PBXSourcesBuildPhase section */
		6426CB502CC3B228008C1C76 /* Sources */ = {
			isa = PBXSourcesBuildPhase;
			buildActionMask = 2147483647;
			files = (
			);
			runOnlyForDeploymentPostprocessing = 0;
		};
		6426CB662CC3B22A008C1C76 /* Sources */ = {
			isa = PBXSourcesBuildPhase;
			buildActionMask = 2147483647;
			files = (
			);
			runOnlyForDeploymentPostprocessing = 0;
		};
		6426CB702CC3B22A008C1C76 /* Sources */ = {
			isa = PBXSourcesBuildPhase;
			buildActionMask = 2147483647;
			files = (
			);
			runOnlyForDeploymentPostprocessing = 0;
		};
/* End PBXSourcesBuildPhase section */

/* Begin PBXTargetDependency section */
		6426CB6C2CC3B22A008C1C76 /* PBXTargetDependency */ = {
			isa = PBXTargetDependency;
			target = 6426CB532CC3B228008C1C76 /* RunLoop,Timer */;
			targetProxy = 6426CB6B2CC3B22A008C1C76 /* PBXContainerItemProxy */;
		};
		6426CB762CC3B22A008C1C76 /* PBXTargetDependency */ = {
			isa = PBXTargetDependency;
			target = 6426CB532CC3B228008C1C76 /* RunLoop,Timer */;
			targetProxy = 6426CB752CC3B22A008C1C76 /* PBXContainerItemProxy */;
		};
/* End PBXTargetDependency section */

/* Begin XCBuildConfiguration section */
		6426CB7E2CC3B22A008C1C76 /* Debug */ = {
			isa = XCBuildConfiguration;
			buildSettings = {
				ASSETCATALOG_COMPILER_APPICON_NAME = AppIcon;
				ASSETCATALOG_COMPILER_GLOBAL_ACCENT_COLOR_NAME = AccentColor;
				CODE_SIGN_STYLE = Automatic;
				CURRENT_PROJECT_VERSION = 1;
				DEVELOPMENT_TEAM = 35Y4373V43;
				GENERATE_INFOPLIST_FILE = YES;
				INFOPLIST_FILE = "RunLoop,Timer/Info.plist";
				INFOPLIST_KEY_UIApplicationSupportsIndirectInputEvents = YES;
				INFOPLIST_KEY_UILaunchStoryboardName = LaunchScreen;
				INFOPLIST_KEY_UIMainStoryboardFile = Main;
				INFOPLIST_KEY_UISupportedInterfaceOrientations_iPad = "UIInterfaceOrientationPortrait UIInterfaceOrientationPortraitUpsideDown UIInterfaceOrientationLandscapeLeft UIInterfaceOrientationLandscapeRight";
				INFOPLIST_KEY_UISupportedInterfaceOrientations_iPhone = "UIInterfaceOrientationPortrait UIInterfaceOrientationLandscapeLeft UIInterfaceOrientationLandscapeRight";
				LD_RUNPATH_SEARCH_PATHS = (
					"$(inherited)",
					"@executable_path/Frameworks",
				);
				MARKETING_VERSION = 1.0;
				PRODUCT_BUNDLE_IDENTIFIER = "noisy.RunLoop-Timer";
				PRODUCT_NAME = "$(TARGET_NAME)";
				SWIFT_EMIT_LOC_STRINGS = YES;
				SWIFT_VERSION = 5.0;
				TARGETED_DEVICE_FAMILY = "1,2";
			};
			name = Debug;
		};
		6426CB7F2CC3B22A008C1C76 /* Release */ = {
			isa = XCBuildConfiguration;
			buildSettings = {
				ASSETCATALOG_COMPILER_APPICON_NAME = AppIcon;
				ASSETCATALOG_COMPILER_GLOBAL_ACCENT_COLOR_NAME = AccentColor;
				CODE_SIGN_STYLE = Automatic;
				CURRENT_PROJECT_VERSION = 1;
				DEVELOPMENT_TEAM = 35Y4373V43;
				GENERATE_INFOPLIST_FILE = YES;
				INFOPLIST_FILE = "RunLoop,Timer/Info.plist";
				INFOPLIST_KEY_UIApplicationSupportsIndirectInputEvents = YES;
				INFOPLIST_KEY_UILaunchStoryboardName = LaunchScreen;
				INFOPLIST_KEY_UIMainStoryboardFile = Main;
				INFOPLIST_KEY_UISupportedInterfaceOrientations_iPad = "UIInterfaceOrientationPortrait UIInterfaceOrientationPortraitUpsideDown UIInterfaceOrientationLandscapeLeft UIInterfaceOrientationLandscapeRight";
				INFOPLIST_KEY_UISupportedInterfaceOrientations_iPhone = "UIInterfaceOrientationPortrait UIInterfaceOrientationLandscapeLeft UIInterfaceOrientationLandscapeRight";
				LD_RUNPATH_SEARCH_PATHS = (
					"$(inherited)",
					"@executable_path/Frameworks",
				);
				MARKETING_VERSION = 1.0;
				PRODUCT_BUNDLE_IDENTIFIER = "noisy.RunLoop-Timer";
				PRODUCT_NAME = "$(TARGET_NAME)";
				SWIFT_EMIT_LOC_STRINGS = YES;
				SWIFT_VERSION = 5.0;
				TARGETED_DEVICE_FAMILY = "1,2";
			};
			name = Release;
		};
		6426CB802CC3B22A008C1C76 /* Debug */ = {
			isa = XCBuildConfiguration;
			buildSettings = {
				ALWAYS_SEARCH_USER_PATHS = NO;
				ASSETCATALOG_COMPILER_GENERATE_SWIFT_ASSET_SYMBOL_EXTENSIONS = YES;
				CLANG_ANALYZER_NONNULL = YES;
				CLANG_ANALYZER_NUMBER_OBJECT_CONVERSION = YES_AGGRESSIVE;
				CLANG_CXX_LANGUAGE_STANDARD = "gnu++20";
				CLANG_ENABLE_MODULES = YES;
				CLANG_ENABLE_OBJC_ARC = YES;
				CLANG_ENABLE_OBJC_WEAK = YES;
				CLANG_WARN_BLOCK_CAPTURE_AUTORELEASING = YES;
				CLANG_WARN_BOOL_CONVERSION = YES;
				CLANG_WARN_COMMA = YES;
				CLANG_WARN_CONSTANT_CONVERSION = YES;
				CLANG_WARN_DEPRECATED_OBJC_IMPLEMENTATIONS = YES;
				CLANG_WARN_DIRECT_OBJC_ISA_USAGE = YES_ERROR;
				CLANG_WARN_DOCUMENTATION_COMMENTS = YES;
				CLANG_WARN_EMPTY_BODY = YES;
				CLANG_WARN_ENUM_CONVERSION = YES;
				CLANG_WARN_INFINITE_RECURSION = YES;
				CLANG_WARN_INT_CONVERSION = YES;
				CLANG_WARN_NON_LITERAL_NULL_CONVERSION = YES;
				CLANG_WARN_OBJC_IMPLICIT_RETAIN_SELF = YES;
				CLANG_WARN_OBJC_LITERAL_CONVERSION = YES;
				CLANG_WARN_OBJC_ROOT_CLASS = YES_ERROR;
				CLANG_WARN_QUOTED_INCLUDE_IN_FRAMEWORK_HEADER = YES;
				CLANG_WARN_RANGE_LOOP_ANALYSIS = YES;
				CLANG_WARN_STRICT_PROTOTYPES = YES;
				CLANG_WARN_SUSPICIOUS_MOVE = YES;
				CLANG_WARN_UNGUARDED_AVAILABILITY = YES_AGGRESSIVE;
				CLANG_WARN_UNREACHABLE_CODE = YES;
				CLANG_WARN__DUPLICATE_METHOD_MATCH = YES;
				COPY_PHASE_STRIP = NO;
				DEBUG_INFORMATION_FORMAT = dwarf;
				ENABLE_STRICT_OBJC_MSGSEND = YES;
				ENABLE_TESTABILITY = YES;
				ENABLE_USER_SCRIPT_SANDBOXING = YES;
				GCC_C_LANGUAGE_STANDARD = gnu17;
				GCC_DYNAMIC_NO_PIC = NO;
				GCC_NO_COMMON_BLOCKS = YES;
				GCC_OPTIMIZATION_LEVEL = 0;
				GCC_PREPROCESSOR_DEFINITIONS = (
					"DEBUG=1",
					"$(inherited)",
				);
				GCC_WARN_64_TO_32_BIT_CONVERSION = YES;
				GCC_WARN_ABOUT_RETURN_TYPE = YES_ERROR;
				GCC_WARN_UNDECLARED_SELECTOR = YES;
				GCC_WARN_UNINITIALIZED_AUTOS = YES_AGGRESSIVE;
				GCC_WARN_UNUSED_FUNCTION = YES;
				GCC_WARN_UNUSED_VARIABLE = YES;
				IPHONEOS_DEPLOYMENT_TARGET = 18.0;
				LOCALIZATION_PREFERS_STRING_CATALOGS = YES;
				MTL_ENABLE_DEBUG_INFO = INCLUDE_SOURCE;
				MTL_FAST_MATH = YES;
				ONLY_ACTIVE_ARCH = YES;
				SDKROOT = iphoneos;
				SWIFT_ACTIVE_COMPILATION_CONDITIONS = "DEBUG $(inherited)";
				SWIFT_OPTIMIZATION_LEVEL = "-Onone";
			};
			name = Debug;
		};
		6426CB812CC3B22A008C1C76 /* Release */ = {
			isa = XCBuildConfiguration;
			buildSettings = {
				ALWAYS_SEARCH_USER_PATHS = NO;
				ASSETCATALOG_COMPILER_GENERATE_SWIFT_ASSET_SYMBOL_EXTENSIONS = YES;
				CLANG_ANALYZER_NONNULL = YES;
				CLANG_ANALYZER_NUMBER_OBJECT_CONVERSION = YES_AGGRESSIVE;
				CLANG_CXX_LANGUAGE_STANDARD = "gnu++20";
				CLANG_ENABLE_MODULES = YES;
				CLANG_ENABLE_OBJC_ARC = YES;
				CLANG_ENABLE_OBJC_WEAK = YES;
				CLANG_WARN_BLOCK_CAPTURE_AUTORELEASING = YES;
				CLANG_WARN_BOOL_CONVERSION = YES;
				CLANG_WARN_COMMA = YES;
				CLANG_WARN_CONSTANT_CONVERSION = YES;
				CLANG_WARN_DEPRECATED_OBJC_IMPLEMENTATIONS = YES;
				CLANG_WARN_DIRECT_OBJC_ISA_USAGE = YES_ERROR;
				CLANG_WARN_DOCUMENTATION_COMMENTS = YES;
				CLANG_WARN_EMPTY_BODY = YES;
				CLANG_WARN_ENUM_CONVERSION = YES;
				CLANG_WARN_INFINITE_RECURSION = YES;
				CLANG_WARN_INT_CONVERSION = YES;
				CLANG_WARN_NON_LITERAL_NULL_CONVERSION = YES;
				CLANG_WARN_OBJC_IMPLICIT_RETAIN_SELF = YES;
				CLANG_WARN_OBJC_LITERAL_CONVERSION = YES;
				CLANG_WARN_OBJC_ROOT_CLASS = YES_ERROR;
				CLANG_WARN_QUOTED_INCLUDE_IN_FRAMEWORK_HEADER = YES;
				CLANG_WARN_RANGE_LOOP_ANALYSIS = YES;
				CLANG_WARN_STRICT_PROTOTYPES = YES;
				CLANG_WARN_SUSPICIOUS_MOVE = YES;
				CLANG_WARN_UNGUARDED_AVAILABILITY = YES_AGGRESSIVE;
				CLANG_WARN_UNREACHABLE_CODE = YES;
				CLANG_WARN__DUPLICATE_METHOD_MATCH = YES;
				COPY_PHASE_STRIP = NO;
				DEBUG_INFORMATION_FORMAT = "dwarf-with-dsym";
				ENABLE_NS_ASSERTIONS = NO;
				ENABLE_STRICT_OBJC_MSGSEND = YES;
				ENABLE_USER_SCRIPT_SANDBOXING = YES;
				GCC_C_LANGUAGE_STANDARD = gnu17;
				GCC_NO_COMMON_BLOCKS = YES;
				GCC_WARN_64_TO_32_BIT_CONVERSION = YES;
				GCC_WARN_ABOUT_RETURN_TYPE = YES_ERROR;
				GCC_WARN_UNDECLARED_SELECTOR = YES;
				GCC_WARN_UNINITIALIZED_AUTOS = YES_AGGRESSIVE;
				GCC_WARN_UNUSED_FUNCTION = YES;
				GCC_WARN_UNUSED_VARIABLE = YES;
				IPHONEOS_DEPLOYMENT_TARGET = 18.0;
				LOCALIZATION_PREFERS_STRING_CATALOGS = YES;
				MTL_ENABLE_DEBUG_INFO = NO;
				MTL_FAST_MATH = YES;
				SDKROOT = iphoneos;
				SWIFT_COMPILATION_MODE = wholemodule;
				VALIDATE_PRODUCT = YES;
			};
			name = Release;
		};
		6426CB832CC3B22A008C1C76 /* Debug */ = {
			isa = XCBuildConfiguration;
			buildSettings = {
				BUNDLE_LOADER = "$(TEST_HOST)";
				CODE_SIGN_STYLE = Automatic;
				CURRENT_PROJECT_VERSION = 1;
				DEVELOPMENT_TEAM = 35Y4373V43;
				GENERATE_INFOPLIST_FILE = YES;
				IPHONEOS_DEPLOYMENT_TARGET = 18.0;
				MARKETING_VERSION = 1.0;
				PRODUCT_BUNDLE_IDENTIFIER = "noisy.RunLoop-TimerTests";
				PRODUCT_NAME = "$(TARGET_NAME)";
				SWIFT_EMIT_LOC_STRINGS = NO;
				SWIFT_VERSION = 5.0;
				TARGETED_DEVICE_FAMILY = "1,2";
				TEST_HOST = "$(BUILT_PRODUCTS_DIR)/RunLoop,Timer.app/$(BUNDLE_EXECUTABLE_FOLDER_PATH)/RunLoop,Timer";
			};
			name = Debug;
		};
		6426CB842CC3B22A008C1C76 /* Release */ = {
			isa = XCBuildConfiguration;
			buildSettings = {
				BUNDLE_LOADER = "$(TEST_HOST)";
				CODE_SIGN_STYLE = Automatic;
				CURRENT_PROJECT_VERSION = 1;
				DEVELOPMENT_TEAM = 35Y4373V43;
				GENERATE_INFOPLIST_FILE = YES;
				IPHONEOS_DEPLOYMENT_TARGET = 18.0;
				MARKETING_VERSION = 1.0;
				PRODUCT_BUNDLE_IDENTIFIER = "noisy.RunLoop-TimerTests";
				PRODUCT_NAME = "$(TARGET_NAME)";
				SWIFT_EMIT_LOC_STRINGS = NO;
				SWIFT_VERSION = 5.0;
				TARGETED_DEVICE_FAMILY = "1,2";
				TEST_HOST = "$(BUILT_PRODUCTS_DIR)/RunLoop,Timer.app/$(BUNDLE_EXECUTABLE_FOLDER_PATH)/RunLoop,Timer";
			};
			name = Release;
		};
		6426CB862CC3B22A008C1C76 /* Debug */ = {
			isa = XCBuildConfiguration;
			buildSettings = {
				CODE_SIGN_STYLE = Automatic;
				CURRENT_PROJECT_VERSION = 1;
				DEVELOPMENT_TEAM = 35Y4373V43;
				GENERATE_INFOPLIST_FILE = YES;
				MARKETING_VERSION = 1.0;
				PRODUCT_BUNDLE_IDENTIFIER = "noisy.RunLoop-TimerUITests";
				PRODUCT_NAME = "$(TARGET_NAME)";
				SWIFT_EMIT_LOC_STRINGS = NO;
				SWIFT_VERSION = 5.0;
				TARGETED_DEVICE_FAMILY = "1,2";
				TEST_TARGET_NAME = "RunLoop,Timer";
			};
			name = Debug;
		};
		6426CB872CC3B22A008C1C76 /* Release */ = {
			isa = XCBuildConfiguration;
			buildSettings = {
				CODE_SIGN_STYLE = Automatic;
				CURRENT_PROJECT_VERSION = 1;
				DEVELOPMENT_TEAM = 35Y4373V43;
				GENERATE_INFOPLIST_FILE = YES;
				MARKETING_VERSION = 1.0;
				PRODUCT_BUNDLE_IDENTIFIER = "noisy.RunLoop-TimerUITests";
				PRODUCT_NAME = "$(TARGET_NAME)";
				SWIFT_EMIT_LOC_STRINGS = NO;
				SWIFT_VERSION = 5.0;
				TARGETED_DEVICE_FAMILY = "1,2";
				TEST_TARGET_NAME = "RunLoop,Timer";
			};
			name = Release;
		};
/* End XCBuildConfiguration section */

/* Begin XCConfigurationList section */
		6426CB4F2CC3B228008C1C76 /* Build configuration list for PBXProject "RunLoop,Timer" */ = {
			isa = XCConfigurationList;
			buildConfigurations = (
				6426CB802CC3B22A008C1C76 /* Debug */,
				6426CB812CC3B22A008C1C76 /* Release */,
			);
			defaultConfigurationIsVisible = 0;
			defaultConfigurationName = Release;
		};
		6426CB7D2CC3B22A008C1C76 /* Build configuration list for PBXNativeTarget "RunLoop,Timer" */ = {
			isa = XCConfigurationList;
			buildConfigurations = (
				6426CB7E2CC3B22A008C1C76 /* Debug */,
				6426CB7F2CC3B22A008C1C76 /* Release */,
			);
			defaultConfigurationIsVisible = 0;
			defaultConfigurationName = Release;
		};
		6426CB822CC3B22A008C1C76 /* Build configuration list for PBXNativeTarget "RunLoop,TimerTests" */ = {
			isa = XCConfigurationList;
			buildConfigurations = (
				6426CB832CC3B22A008C1C76 /* Debug */,
				6426CB842CC3B22A008C1C76 /* Release */,
			);
			defaultConfigurationIsVisible = 0;
			defaultConfigurationName = Release;
		};
		6426CB852CC3B22A008C1C76 /* Build configuration list for PBXNativeTarget "RunLoop,TimerUITests" */ = {
			isa = XCConfigurationList;
			buildConfigurations = (
				6426CB862CC3B22A008C1C76 /* Debug */,
				6426CB872CC3B22A008C1C76 /* Release */,
			);
			defaultConfigurationIsVisible = 0;
			defaultConfigurationName = Release;
		};
/* End XCConfigurationList section */
	};
	rootObject = 6426CB4C2CC3B228008C1C76 /* Project object */;
}
